<?xml version="1.0" encoding="utf-8"?>
<Project ToolsVersion="4.0" xmlns="http://schemas.microsoft.com/developer/msbuild/2003">
  <ItemGroup>
    <Filter Include="Main">
      <UniqueIdentifier>{4540f304-75d3-498c-bb33-f7df3b1c7bce}</UniqueIdentifier>
    </Filter>
    <Filter Include="Utils">
      <UniqueIdentifier>{6bd46dc6-4b2d-404d-84f6-7b693d65123a}</UniqueIdentifier>
    </Filter>
  </ItemGroup>
  <ItemGroup>
    <ClCompile Include="GameServer.cpp">
      <Filter>Main</Filter>
    </ClCompile>
    <ClCompile Include="pch.cpp">
      <Filter>Utils</Filter>
    </ClCompile>
    <ClCompile Include="AccountManager.cpp">
      <Filter>Main</Filter>
    </ClCompile>
    <ClCompile Include="UserManager.cpp">
      <Filter>Main</Filter>
    </ClCompile>
    <ClCompile Include="ConcurrentQueue.cpp">
      <Filter>Main</Filter>
    </ClCompile>
    <ClCompile Include="ConcurrentStack.cpp">
      <Filter>Main</Filter>
    </ClCompile>
  </ItemGroup>
  <ItemGroup>
    <ClInclude Include="pch.h">
      <Filter>Utils</Filter>
    </ClInclude>
    <ClInclude Include="AccountManager.h">
      <Filter>Main</Filter>
    </ClInclude>
    <ClInclude Include="UserManager.h">
      <Filter>Main</Filter>
    </ClInclude>
    <ClInclude Include="ConcurrentQueue.h">
      <Filter>Main</Filter>
    </ClInclude>
    <ClInclude Include="ConcurrentStack.h">
      <Filter>Main</Filter>
    </ClInclude>
  </ItemGroup>
</Project>